// !$*UTF8*$!
{
	archiveVersion = 1;
	classes = {
	};
	objectVersion = 77;
	objects = {

/* Begin PBXBuildFile section */
		0633EFE7555A42DFD7050F66 /* AppleAuthManager.swift in Sources */ = {isa = PBXBuildFile; fileRef = EA73D112E6534B1F9BA1AA62 /* AppleAuthManager.swift */; };
		0A4B0E687695C677BB093AC1 /* Languages.swift in Sources */ = {isa = PBXBuildFile; fileRef = 5002939CE5BF5306ECCB5352 /* Languages.swift */; };
		0B8497068DC4A46A42987012 /* AddParticipantsView.swift in Sources */ = {isa = PBXBuildFile; fileRef = 3B193BAD9544D91C019BFF44 /* AddParticipantsView.swift */; };
		0DCB2BDFD08CCF460117F4BF /* RemoveParticipantsView.swift in Sources */ = {isa = PBXBuildFile; fileRef = 2EB5A76FCC18D0D960BC3363 /* RemoveParticipantsView.swift */; };
		12B23CCA0F9EA70F3EFB6987 /* SettingsView.swift in Sources */ = {isa = PBXBuildFile; fileRef = 196D3B5805F957A909DAD1F2 /* SettingsView.swift */; };
		13E97AF4558937103E093D31 /* Assets.xcassets in Resources */ = {isa = PBXBuildFile; fileRef = EF4B062A1B8C0B229E1A2F04 /* Assets.xcassets */; };
		15C342AD2BE063F592274C8B /* WebSocketService.swift in Sources */ = {isa = PBXBuildFile; fileRef = 25FC0FD61CD1299ADD5DFE44 /* WebSocketService.swift */; };
		17049A5BC0443C70F5DC9EEA /* AuthManager.swift in Sources */ = {isa = PBXBuildFile; fileRef = 364BF34D67B234294D1DA2E4 /* AuthManager.swift */; };
		26B5FFD35D1066A90B174AAB /* Models.swift in Sources */ = {isa = PBXBuildFile; fileRef = 9D2E2DA7FC82BEE77F0F2738 /* Models.swift */; };
		26EE0048A39689045B64BE2F /* FrequentEmojiManager.swift in Sources */ = {isa = PBXBuildFile; fileRef = C49384489E813C691159E27D /* FrequentEmojiManager.swift */; };
		2D5EEE0393AE57A66D2B8D00 /* GifPickerView.swift in Sources */ = {isa = PBXBuildFile; fileRef = 20C10BF53BE53831AD3F6F5E /* GifPickerView.swift */; };
		40DE0A76B1DA1CE1C8DFD990 /* ConversationsView.swift in Sources */ = {isa = PBXBuildFile; fileRef = 08CAB9E74F4A67184DFF5A2A /* ConversationsView.swift */; };
		45C7FD107061FED125ED0AE0 /* ChatStore.swift in Sources */ = {isa = PBXBuildFile; fileRef = D6434847F516B1907B567A98 /* ChatStore.swift */; };
		494574466F14DBD2B0A54797 /* IntokApp.swift in Sources */ = {isa = PBXBuildFile; fileRef = 209CBB20DB64B3411A313918 /* IntokApp.swift */; };
		4DD964509EDC8DF8EF2D7BF6 /* Changelog.swift in Sources */ = {isa = PBXBuildFile; fileRef = 4554BD27029A3488D7FDAABB /* Changelog.swift */; };
		5D675B632A07A97689E00610 /* AttachmentService.swift in Sources */ = {isa = PBXBuildFile; fileRef = 076EF702F1B803CBB1DCCD5B /* AttachmentService.swift */; };
		60A4306F3D4F126CCA543555 /* Theme.swift in Sources */ = {isa = PBXBuildFile; fileRef = 12409B09249C3035423A8BCB /* Theme.swift */; };
		660031C94712ED0BF21C6D9A /* CameraCaptureView.swift in Sources */ = {isa = PBXBuildFile; fileRef = 9A522ECCDFD7ADD30120CD01 /* CameraCaptureView.swift */; };
		7244621F5581263E44D75A28 /* WhatsNewManager.swift in Sources */ = {isa = PBXBuildFile; fileRef = 74E42CB6C3BF8DC5EAD02DA0 /* WhatsNewManager.swift */; };
		728AFB49D128CF8EF534C782 /* SetupView.swift in Sources */ = {isa = PBXBuildFile; fileRef = F86C60FB71AD30EBBFE247E1 /* SetupView.swift */; };
		768054FC5A9120838669E112 /* ReplyViews.swift in Sources */ = {isa = PBXBuildFile; fileRef = 08941377839575115592BC7A /* ReplyViews.swift */; };
		7D45E12CC3607427168D0CAF /* LoginView.swift in Sources */ = {isa = PBXBuildFile; fileRef = 41BA84E3D221AE506BEAEB0E /* LoginView.swift */; };
		83BF5C33236C3B64DB13D461 /* NewChatView.swift in Sources */ = {isa = PBXBuildFile; fileRef = 4CC88A0FBFB5A9E9B13C4D8C /* NewChatView.swift */; };
		87AEDDE4F49DFFDCCE41B202 /* SDWebImage in Frameworks */ = {isa = PBXBuildFile; productRef = A73210F19CB8369E8C2A18B0 /* SDWebImage */; };
		89CFFD6541446392F138C33A /* EmailAuthView.swift in Sources */ = {isa = PBXBuildFile; fileRef = 41AD2AB1F0BBCAFDAC43013D /* EmailAuthView.swift */; };
		AD37C035360B0194B6EA45C5 /* WhatsNewView.swift in Sources */ = {isa = PBXBuildFile; fileRef = 496EF16EB9904288611E2AD5 /* WhatsNewView.swift */; };
		AEF0843BAD114440FE1DD192 /* EmojiPickerView.swift in Sources */ = {isa = PBXBuildFile; fileRef = 82E0E07B789383A9AFB8B662 /* EmojiPickerView.swift */; };
		B98F38C0A33351099F429F3B /* ChatView.swift in Sources */ = {isa = PBXBuildFile; fileRef = F97FEA229E5E1F138D3CA8CE /* ChatView.swift */; };
		C7CD3D311E159C1417642C45 /* GoogleSignIn in Frameworks */ = {isa = PBXBuildFile; productRef = EA5A736AC3C346F43BBF7EF9 /* GoogleSignIn */; };
		C9858BF749563A4D1DE527A5 /* ContentView.swift in Sources */ = {isa = PBXBuildFile; fileRef = 2E66B7BEAC0BAC39B5363BEA /* ContentView.swift */; };
		D3B53ECE9A66117777D3B991 /* EmojiData.swift in Sources */ = {isa = PBXBuildFile; fileRef = 98CCD6AC608B75822D689A1E /* EmojiData.swift */; };
		D3FE839E0E42BFE71D06660A /* ChatCacheManager.swift in Sources */ = {isa = PBXBuildFile; fileRef = ACC606559D3F3D5EDDE239A8 /* ChatCacheManager.swift */; };
		D80DBE10FEA9DBBE5C16807B /* APIService.swift in Sources */ = {isa = PBXBuildFile; fileRef = 8CFDA1A8F3BE2B1CA9ED2914 /* APIService.swift */; };
		F4E7C21FE5DD01EFF397FAA2 /* GroupInfoView.swift in Sources */ = {isa = PBXBuildFile; fileRef = 702AAFB95A72D656DF54444F /* GroupInfoView.swift */; };
/* End PBXBuildFile section */

/* Begin PBXFileReference section */
		076EF702F1B803CBB1DCCD5B /* AttachmentService.swift */ = {isa = PBXFileReference; lastKnownFileType = sourcecode.swift; path = AttachmentService.swift; sourceTree = "<group>"; };
		08941377839575115592BC7A /* ReplyViews.swift */ = {isa = PBXFileReference; lastKnownFileType = sourcecode.swift; path = ReplyViews.swift; sourceTree = "<group>"; };
		08CAB9E74F4A67184DFF5A2A /* ConversationsView.swift */ = {isa = PBXFileReference; lastKnownFileType = sourcecode.swift; path = ConversationsView.swift; sourceTree = "<group>"; };
		10C3ED3AF3D21BB00F9BA1EE /* .cursorrules */ = {isa = PBXFileReference; path = .cursorrules; sourceTree = "<group>"; };
		12409B09249C3035423A8BCB /* Theme.swift */ = {isa = PBXFileReference; lastKnownFileType = sourcecode.swift; path = Theme.swift; sourceTree = "<group>"; };
		196D3B5805F957A909DAD1F2 /* SettingsView.swift */ = {isa = PBXFileReference; lastKnownFileType = sourcecode.swift; path = SettingsView.swift; sourceTree = "<group>"; };
		1FABA2603C1DFDD12AEABA9D /* Info.plist */ = {isa = PBXFileReference; lastKnownFileType = text.plist; path = Info.plist; sourceTree = "<group>"; };
		209CBB20DB64B3411A313918 /* IntokApp.swift */ = {isa = PBXFileReference; lastKnownFileType = sourcecode.swift; path = IntokApp.swift; sourceTree = "<group>"; };
		20C10BF53BE53831AD3F6F5E /* GifPickerView.swift */ = {isa = PBXFileReference; lastKnownFileType = sourcecode.swift; path = GifPickerView.swift; sourceTree = "<group>"; };
		25FC0FD61CD1299ADD5DFE44 /* WebSocketService.swift */ = {isa = PBXFileReference; lastKnownFileType = sourcecode.swift; path = WebSocketService.swift; sourceTree = "<group>"; };
		2914665731456D97AF2A0E15 /* Intok.entitlements */ = {isa = PBXFileReference; lastKnownFileType = text.plist.entitlements; path = Intok.entitlements; sourceTree = "<group>"; };
		2E66B7BEAC0BAC39B5363BEA /* ContentView.swift */ = {isa = PBXFileReference; lastKnownFileType = sourcecode.swift; path = ContentView.swift; sourceTree = "<group>"; };
		2EB5A76FCC18D0D960BC3363 /* RemoveParticipantsView.swift */ = {isa = PBXFileReference; lastKnownFileType = sourcecode.swift; path = RemoveParticipantsView.swift; sourceTree = "<group>"; };
		364BF34D67B234294D1DA2E4 /* AuthManager.swift */ = {isa = PBXFileReference; lastKnownFileType = sourcecode.swift; path = AuthManager.swift; sourceTree = "<group>"; };
		3B193BAD9544D91C019BFF44 /* AddParticipantsView.swift */ = {isa = PBXFileReference; lastKnownFileType = sourcecode.swift; path = AddParticipantsView.swift; sourceTree = "<group>"; };
		41AD2AB1F0BBCAFDAC43013D /* EmailAuthView.swift */ = {isa = PBXFileReference; lastKnownFileType = sourcecode.swift; path = EmailAuthView.swift; sourceTree = "<group>"; };
		41BA84E3D221AE506BEAEB0E /* LoginView.swift */ = {isa = PBXFileReference; lastKnownFileType = sourcecode.swift; path = LoginView.swift; sourceTree = "<group>"; };
		4554BD27029A3488D7FDAABB /* Changelog.swift */ = {isa = PBXFileReference; lastKnownFileType = sourcecode.swift; path = Changelog.swift; sourceTree = "<group>"; };
		496EF16EB9904288611E2AD5 /* WhatsNewView.swift */ = {isa = PBXFileReference; lastKnownFileType = sourcecode.swift; path = WhatsNewView.swift; sourceTree = "<group>"; };
		4CC88A0FBFB5A9E9B13C4D8C /* NewChatView.swift */ = {isa = PBXFileReference; lastKnownFileType = sourcecode.swift; path = NewChatView.swift; sourceTree = "<group>"; };
		5002939CE5BF5306ECCB5352 /* Languages.swift */ = {isa = PBXFileReference; lastKnownFileType = sourcecode.swift; path = Languages.swift; sourceTree = "<group>"; };
		702AAFB95A72D656DF54444F /* GroupInfoView.swift */ = {isa = PBXFileReference; lastKnownFileType = sourcecode.swift; path = GroupInfoView.swift; sourceTree = "<group>"; };
		72213156D4F6C402554165E6 /* .cursorrules */ = {isa = PBXFileReference; path = .cursorrules; sourceTree = "<group>"; };
		73B0FEF31E6B420EE397F67C /* Intok.app */ = {isa = PBXFileReference; includeInIndex = 0; lastKnownFileType = wrapper.application; path = Intok.app; sourceTree = BUILT_PRODUCTS_DIR; };
		74E42CB6C3BF8DC5EAD02DA0 /* WhatsNewManager.swift */ = {isa = PBXFileReference; lastKnownFileType = sourcecode.swift; path = WhatsNewManager.swift; sourceTree = "<group>"; };
		82E0E07B789383A9AFB8B662 /* EmojiPickerView.swift */ = {isa = PBXFileReference; lastKnownFileType = sourcecode.swift; path = EmojiPickerView.swift; sourceTree = "<group>"; };
		8CFDA1A8F3BE2B1CA9ED2914 /* APIService.swift */ = {isa = PBXFileReference; lastKnownFileType = sourcecode.swift; path = APIService.swift; sourceTree = "<group>"; };
		98CCD6AC608B75822D689A1E /* EmojiData.swift */ = {isa = PBXFileReference; lastKnownFileType = sourcecode.swift; path = EmojiData.swift; sourceTree = "<group>"; };
		9A522ECCDFD7ADD30120CD01 /* CameraCaptureView.swift */ = {isa = PBXFileReference; lastKnownFileType = sourcecode.swift; path = CameraCaptureView.swift; sourceTree = "<group>"; };
		9D2E2DA7FC82BEE77F0F2738 /* Models.swift */ = {isa = PBXFileReference; lastKnownFileType = sourcecode.swift; path = Models.swift; sourceTree = "<group>"; };
		ACC606559D3F3D5EDDE239A8 /* ChatCacheManager.swift */ = {isa = PBXFileReference; lastKnownFileType = sourcecode.swift; path = ChatCacheManager.swift; sourceTree = "<group>"; };
		C49384489E813C691159E27D /* FrequentEmojiManager.swift */ = {isa = PBXFileReference; lastKnownFileType = sourcecode.swift; path = FrequentEmojiManager.swift; sourceTree = "<group>"; };
		D6434847F516B1907B567A98 /* ChatStore.swift */ = {isa = PBXFileReference; lastKnownFileType = sourcecode.swift; path = ChatStore.swift; sourceTree = "<group>"; };
		EA73D112E6534B1F9BA1AA62 /* AppleAuthManager.swift */ = {isa = PBXFileReference; lastKnownFileType = sourcecode.swift; path = AppleAuthManager.swift; sourceTree = "<group>"; };
		EF4B062A1B8C0B229E1A2F04 /* Assets.xcassets */ = {isa = PBXFileReference; lastKnownFileType = folder.assetcatalog; path = Assets.xcassets; sourceTree = "<group>"; };
		F86C60FB71AD30EBBFE247E1 /* SetupView.swift */ = {isa = PBXFileReference; lastKnownFileType = sourcecode.swift; path = SetupView.swift; sourceTree = "<group>"; };
		F97FEA229E5E1F138D3CA8CE /* ChatView.swift */ = {isa = PBXFileReference; lastKnownFileType = sourcecode.swift; path = ChatView.swift; sourceTree = "<group>"; };
/* End PBXFileReference section */

/* Begin PBXFrameworksBuildPhase section */
		1F8EB9EDD1E05B53D2AC6247 /* Frameworks */ = {
			isa = PBXFrameworksBuildPhase;
			buildActionMask = 2147483647;
			files = (
				C7CD3D311E159C1417642C45 /* GoogleSignIn in Frameworks */,
				87AEDDE4F49DFFDCCE41B202 /* SDWebImage in Frameworks */,
			);
			runOnlyForDeploymentPostprocessing = 0;
		};
/* End PBXFrameworksBuildPhase section */

/* Begin PBXGroup section */
		0B6D625C3BD4C26CCDE90D88 /* Models */ = {
			isa = PBXGroup;
			children = (
				9D2E2DA7FC82BEE77F0F2738 /* Models.swift */,
			);
			path = Models;
			sourceTree = "<group>";
		};
		16E716C3FDD87A6E402595BC /* Settings */ = {
			isa = PBXGroup;
			children = (
				196D3B5805F957A909DAD1F2 /* SettingsView.swift */,
				496EF16EB9904288611E2AD5 /* WhatsNewView.swift */,
			);
			path = Settings;
			sourceTree = "<group>";
		};
		180E7A341716A4BFDA666D28 /* Utils */ = {
			isa = PBXGroup;
			children = (
				98CCD6AC608B75822D689A1E /* EmojiData.swift */,
				5002939CE5BF5306ECCB5352 /* Languages.swift */,
				12409B09249C3035423A8BCB /* Theme.swift */,
			);
			path = Utils;
			sourceTree = "<group>";
		};
		1EA96FE509D95A40B3B2B845 /* Data */ = {
			isa = PBXGroup;
			children = (
				ACC606559D3F3D5EDDE239A8 /* ChatCacheManager.swift */,
			);
			path = Data;
			sourceTree = "<group>";
		};
		208D493040370C5AEF30C9C6 /* NewChat */ = {
			isa = PBXGroup;
			children = (
				4CC88A0FBFB5A9E9B13C4D8C /* NewChatView.swift */,
			);
			path = NewChat;
			sourceTree = "<group>";
		};
		266AA7BFEB20FA2AE580EAA2 /* Intok */ = {
			isa = PBXGroup;
			children = (
				1FABA2603C1DFDD12AEABA9D /* Info.plist */,
				2914665731456D97AF2A0E15 /* Intok.entitlements */,
				45AD77A3C59A3DC54BFCBBFF /* App */,
				4E498C1834E6E9B379607780 /* Core */,
				D4542F78D9DABF0ABD531233 /* Features */,
				362B36429CA3013527F1F6EC /* Resources */,
			);
			path = Intok;
			sourceTree = "<group>";
		};
		362B36429CA3013527F1F6EC /* Resources */ = {
			isa = PBXGroup;
			children = (
				EF4B062A1B8C0B229E1A2F04 /* Assets.xcassets */,
			);
			path = Resources;
			sourceTree = "<group>";
		};
		45AD77A3C59A3DC54BFCBBFF /* App */ = {
			isa = PBXGroup;
			children = (
				2E66B7BEAC0BAC39B5363BEA /* ContentView.swift */,
				209CBB20DB64B3411A313918 /* IntokApp.swift */,
			);
			path = App;
			sourceTree = "<group>";
		};
		4E498C1834E6E9B379607780 /* Core */ = {
			isa = PBXGroup;
			children = (
				1EA96FE509D95A40B3B2B845 /* Data */,
				0B6D625C3BD4C26CCDE90D88 /* Models */,
				691C26F0DFD2BCD692CA88C9 /* Network */,
				AE12E0B98434EB69C6F0F84C /* Services */,
				D1F23B5F52A4D329F5DC10EF /* Store */,
				180E7A341716A4BFDA666D28 /* Utils */,
			);
			path = Core;
			sourceTree = "<group>";
		};
		691C26F0DFD2BCD692CA88C9 /* Network */ = {
			isa = PBXGroup;
			children = (
				72213156D4F6C402554165E6 /* .cursorrules */,
				8CFDA1A8F3BE2B1CA9ED2914 /* APIService.swift */,
				EA73D112E6534B1F9BA1AA62 /* AppleAuthManager.swift */,
				364BF34D67B234294D1DA2E4 /* AuthManager.swift */,
				25FC0FD61CD1299ADD5DFE44 /* WebSocketService.swift */,
			);
			path = Network;
			sourceTree = "<group>";
		};
		746867A630186CCFED2E2007 /* Products */ = {
			isa = PBXGroup;
			children = (
				73B0FEF31E6B420EE397F67C /* Intok.app */,
			);
			name = Products;
			sourceTree = "<group>";
		};
		A9ACF8DE18A630409695FFD1 /* Chat */ = {
			isa = PBXGroup;
			children = (
				3B193BAD9544D91C019BFF44 /* AddParticipantsView.swift */,
				9A522ECCDFD7ADD30120CD01 /* CameraCaptureView.swift */,
				F97FEA229E5E1F138D3CA8CE /* ChatView.swift */,
				82E0E07B789383A9AFB8B662 /* EmojiPickerView.swift */,
				20C10BF53BE53831AD3F6F5E /* GifPickerView.swift */,
				702AAFB95A72D656DF54444F /* GroupInfoView.swift */,
				2EB5A76FCC18D0D960BC3363 /* RemoveParticipantsView.swift */,
				08941377839575115592BC7A /* ReplyViews.swift */,
			);
			path = Chat;
			sourceTree = "<group>";
		};
		AE12E0B98434EB69C6F0F84C /* Services */ = {
			isa = PBXGroup;
			children = (
				076EF702F1B803CBB1DCCD5B /* AttachmentService.swift */,
				4554BD27029A3488D7FDAABB /* Changelog.swift */,
				C49384489E813C691159E27D /* FrequentEmojiManager.swift */,
				74E42CB6C3BF8DC5EAD02DA0 /* WhatsNewManager.swift */,
			);
			path = Services;
			sourceTree = "<group>";
		};
		BB38D97E0DAA7C78D3D51A03 /* Conversations */ = {
			isa = PBXGroup;
			children = (
				08CAB9E74F4A67184DFF5A2A /* ConversationsView.swift */,
			);
			path = Conversations;
			sourceTree = "<group>";
		};
		CBC478811A2C373DABA8ED27 /* Setup */ = {
			isa = PBXGroup;
			children = (
				F86C60FB71AD30EBBFE247E1 /* SetupView.swift */,
			);
			path = Setup;
			sourceTree = "<group>";
		};
		CE18A72710E1017E942C1EB1 = {
			isa = PBXGroup;
			children = (
				266AA7BFEB20FA2AE580EAA2 /* Intok */,
				746867A630186CCFED2E2007 /* Products */,
			);
			sourceTree = "<group>";
		};
		D1F23B5F52A4D329F5DC10EF /* Store */ = {
			isa = PBXGroup;
			children = (
				D6434847F516B1907B567A98 /* ChatStore.swift */,
			);
			path = Store;
			sourceTree = "<group>";
		};
		D4542F78D9DABF0ABD531233 /* Features */ = {
			isa = PBXGroup;
			children = (
				10C3ED3AF3D21BB00F9BA1EE /* .cursorrules */,
				F6CEA5F53E9E7E2AD82BBEC3 /* Auth */,
				A9ACF8DE18A630409695FFD1 /* Chat */,
				BB38D97E0DAA7C78D3D51A03 /* Conversations */,
				208D493040370C5AEF30C9C6 /* NewChat */,
				16E716C3FDD87A6E402595BC /* Settings */,
				CBC478811A2C373DABA8ED27 /* Setup */,
			);
			path = Features;
			sourceTree = "<group>";
		};
		F6CEA5F53E9E7E2AD82BBEC3 /* Auth */ = {
			isa = PBXGroup;
			children = (
				41AD2AB1F0BBCAFDAC43013D /* EmailAuthView.swift */,
				41BA84E3D221AE506BEAEB0E /* LoginView.swift */,
			);
			path = Auth;
			sourceTree = "<group>";
		};
/* End PBXGroup section */

/* Begin PBXNativeTarget section */
		1869BECD4A885D08431EB7D6 /* Intok */ = {
			isa = PBXNativeTarget;
			buildConfigurationList = 3C81EFE0880922008396271F /* Build configuration list for PBXNativeTarget "Intok" */;
			buildPhases = (
				26BE3FA9420E268F651A93D9 /* Sources */,
				C6A90B743565423E6855690B /* Resources */,
				1F8EB9EDD1E05B53D2AC6247 /* Frameworks */,
			);
			buildRules = (
			);
			dependencies = (
			);
			name = Intok;
			packageProductDependencies = (
				EA5A736AC3C346F43BBF7EF9 /* GoogleSignIn */,
				A73210F19CB8369E8C2A18B0 /* SDWebImage */,
			);
			productName = Intok;
			productReference = 73B0FEF31E6B420EE397F67C /* Intok.app */;
			productType = "com.apple.product-type.application";
		};
/* End PBXNativeTarget section */

/* Begin PBXProject section */
		B521CFDD2D7CECD230546363 /* Project object */ = {
			isa = PBXProject;
			attributes = {
				BuildIndependentTargetsInParallel = YES;
				LastUpgradeCheck = 1500;
				TargetAttributes = {
					1869BECD4A885D08431EB7D6 = {
						DevelopmentTeam = "";
						ProvisioningStyle = Automatic;
					};
				};
			};
			buildConfigurationList = 8E096C9FEC272F89AF61B4E2 /* Build configuration list for PBXProject "Intok" */;
			compatibilityVersion = "Xcode 14.0";
			developmentRegion = en;
			hasScannedForEncodings = 0;
			knownRegions = (
				Base,
				en,
			);
			mainGroup = CE18A72710E1017E942C1EB1;
			minimizedProjectReferenceProxies = 1;
			packageReferences = (
				F0EC5F44720E05363ABD8E50 /* XCRemoteSwiftPackageReference "GoogleSignIn-iOS" */,
				40E26ECA2ECAA1D7DB194F76 /* XCRemoteSwiftPackageReference "SDWebImage" */,
			);
			preferredProjectObjectVersion = 77;
			projectDirPath = "";
			projectRoot = "";
			targets = (
				1869BECD4A885D08431EB7D6 /* Intok */,
			);
		};
/* End PBXProject section */

/* Begin PBXResourcesBuildPhase section */
		C6A90B743565423E6855690B /* Resources */ = {
			isa = PBXResourcesBuildPhase;
			buildActionMask = 2147483647;
			files = (
				13E97AF4558937103E093D31 /* Assets.xcassets in Resources */,
			);
			runOnlyForDeploymentPostprocessing = 0;
		};
/* End PBXResourcesBuildPhase section */

/* Begin PBXSourcesBuildPhase section */
		26BE3FA9420E268F651A93D9 /* Sources */ = {
			isa = PBXSourcesBuildPhase;
			buildActionMask = 2147483647;
			files = (
				D80DBE10FEA9DBBE5C16807B /* APIService.swift in Sources */,
				0B8497068DC4A46A42987012 /* AddParticipantsView.swift in Sources */,
				0633EFE7555A42DFD7050F66 /* AppleAuthManager.swift in Sources */,
				5D675B632A07A97689E00610 /* AttachmentService.swift in Sources */,
				17049A5BC0443C70F5DC9EEA /* AuthManager.swift in Sources */,
				660031C94712ED0BF21C6D9A /* CameraCaptureView.swift in Sources */,
				4DD964509EDC8DF8EF2D7BF6 /* Changelog.swift in Sources */,
				D3FE839E0E42BFE71D06660A /* ChatCacheManager.swift in Sources */,
				45C7FD107061FED125ED0AE0 /* ChatStore.swift in Sources */,
				B98F38C0A33351099F429F3B /* ChatView.swift in Sources */,
				C9858BF749563A4D1DE527A5 /* ContentView.swift in Sources */,
				40DE0A76B1DA1CE1C8DFD990 /* ConversationsView.swift in Sources */,
				89CFFD6541446392F138C33A /* EmailAuthView.swift in Sources */,
				D3B53ECE9A66117777D3B991 /* EmojiData.swift in Sources */,
				AEF0843BAD114440FE1DD192 /* EmojiPickerView.swift in Sources */,
				26EE0048A39689045B64BE2F /* FrequentEmojiManager.swift in Sources */,
				2D5EEE0393AE57A66D2B8D00 /* GifPickerView.swift in Sources */,
				F4E7C21FE5DD01EFF397FAA2 /* GroupInfoView.swift in Sources */,
				494574466F14DBD2B0A54797 /* IntokApp.swift in Sources */,
				0A4B0E687695C677BB093AC1 /* Languages.swift in Sources */,
				7D45E12CC3607427168D0CAF /* LoginView.swift in Sources */,
				26B5FFD35D1066A90B174AAB /* Models.swift in Sources */,
				83BF5C33236C3B64DB13D461 /* NewChatView.swift in Sources */,
				0DCB2BDFD08CCF460117F4BF /* RemoveParticipantsView.swift in Sources */,
				768054FC5A9120838669E112 /* ReplyViews.swift in Sources */,
				12B23CCA0F9EA70F3EFB6987 /* SettingsView.swift in Sources */,
				728AFB49D128CF8EF534C782 /* SetupView.swift in Sources */,
				60A4306F3D4F126CCA543555 /* Theme.swift in Sources */,
				15C342AD2BE063F592274C8B /* WebSocketService.swift in Sources */,
				7244621F5581263E44D75A28 /* WhatsNewManager.swift in Sources */,
				AD37C035360B0194B6EA45C5 /* WhatsNewView.swift in Sources */,
			);
			runOnlyForDeploymentPostprocessing = 0;
		};
/* End PBXSourcesBuildPhase section */

/* Begin XCBuildConfiguration section */
		2C96978BF1743CFE11626871 /* Debug */ = {
			isa = XCBuildConfiguration;
			buildSettings = {
				ASSETCATALOG_COMPILER_APPICON_NAME = AppIcon;
				ASSETCATALOG_COMPILER_GLOBAL_ACCENT_COLOR_NAME = AccentColor;
				CODE_SIGN_IDENTITY = "iPhone Developer";
				GENERATE_INFOPLIST_FILE = YES;
				INFOPLIST_FILE = Intok/Info.plist;
				INFOPLIST_KEY_LSApplicationCategoryType = "public.app-category.social-networking";
				LD_RUNPATH_SEARCH_PATHS = (
					"$(inherited)",
					"@executable_path/Frameworks",
				);
				PRODUCT_BUNDLE_IDENTIFIER = com.pezkins.intok;
				SDKROOT = iphoneos;
				TARGETED_DEVICE_FAMILY = "1,2";
			};
			name = Debug;
		};
		891A3104E9C500712D5C0FBF /* Release */ = {
			isa = XCBuildConfiguration;
			buildSettings = {
				ALWAYS_SEARCH_USER_PATHS = NO;
				CLANG_ANALYZER_NONNULL = YES;
				CLANG_ANALYZER_NUMBER_OBJECT_CONVERSION = YES_AGGRESSIVE;
				CLANG_CXX_LANGUAGE_STANDARD = "gnu++14";
				CLANG_CXX_LIBRARY = "libc++";
				CLANG_ENABLE_MODULES = YES;
				CLANG_ENABLE_OBJC_ARC = YES;
				CLANG_ENABLE_OBJC_WEAK = YES;
				CLANG_WARN_BLOCK_CAPTURE_AUTORELEASING = YES;
				CLANG_WARN_BOOL_CONVERSION = YES;
				CLANG_WARN_COMMA = YES;
				CLANG_WARN_CONSTANT_CONVERSION = YES;
				CLANG_WARN_DEPRECATED_OBJC_IMPLEMENTATIONS = YES;
				CLANG_WARN_DIRECT_OBJC_ISA_USAGE = YES_ERROR;
				CLANG_WARN_DOCUMENTATION_COMMENTS = YES;
				CLANG_WARN_EMPTY_BODY = YES;
				CLANG_WARN_ENUM_CONVERSION = YES;
				CLANG_WARN_INFINITE_RECURSION = YES;
				CLANG_WARN_INT_CONVERSION = YES;
				CLANG_WARN_NON_LITERAL_NULL_CONVERSION = YES;
				CLANG_WARN_OBJC_IMPLICIT_RETAIN_SELF = YES;
				CLANG_WARN_OBJC_LITERAL_CONVERSION = YES;
				CLANG_WARN_OBJC_ROOT_CLASS = YES_ERROR;
				CLANG_WARN_QUOTED_INCLUDE_IN_FRAMEWORK_HEADER = YES;
				CLANG_WARN_RANGE_LOOP_ANALYSIS = YES;
				CLANG_WARN_STRICT_PROTOTYPES = YES;
				CLANG_WARN_SUSPICIOUS_MOVE = YES;
				CLANG_WARN_UNGUARDED_AVAILABILITY = YES_AGGRESSIVE;
				CLANG_WARN_UNREACHABLE_CODE = YES;
				CLANG_WARN__DUPLICATE_METHOD_MATCH = YES;
				CODE_SIGN_STYLE = Automatic;
				COPY_PHASE_STRIP = NO;
				CURRENT_PROJECT_VERSION = 23;
				DEBUG_INFORMATION_FORMAT = "dwarf-with-dsym";
				DEVELOPMENT_TEAM = "";
				ENABLE_NS_ASSERTIONS = NO;
				ENABLE_STRICT_OBJC_MSGSEND = YES;
				GCC_C_LANGUAGE_STANDARD = gnu11;
				GCC_NO_COMMON_BLOCKS = YES;
				GCC_WARN_64_TO_32_BIT_CONVERSION = YES;
				GCC_WARN_ABOUT_RETURN_TYPE = YES_ERROR;
				GCC_WARN_UNDECLARED_SELECTOR = YES;
				GCC_WARN_UNINITIALIZED_AUTOS = YES_AGGRESSIVE;
				GCC_WARN_UNUSED_FUNCTION = YES;
				GCC_WARN_UNUSED_VARIABLE = YES;
				INFOPLIST_KEY_CFBundleDisplayName = Intok;
				INFOPLIST_KEY_UIApplicationSceneManifest_Generation = YES;
				INFOPLIST_KEY_UIApplicationSupportsIndirectInputEvents = YES;
				INFOPLIST_KEY_UILaunchScreen_Generation = YES;
				INFOPLIST_KEY_UISupportedInterfaceOrientations = "UIInterfaceOrientationPortrait UIInterfaceOrientationLandscapeLeft UIInterfaceOrientationLandscapeRight";
				INFOPLIST_KEY_UISupportedInterfaceOrientations_iPad = "UIInterfaceOrientationPortrait UIInterfaceOrientationPortraitUpsideDown UIInterfaceOrientationLandscapeLeft UIInterfaceOrientationLandscapeRight";
				IPHONEOS_DEPLOYMENT_TARGET = 17.0;
				MARKETING_VERSION = 0.1.23;
				MTL_ENABLE_DEBUG_INFO = NO;
				MTL_FAST_MATH = YES;
				PRODUCT_NAME = "$(TARGET_NAME)";
				SDKROOT = iphoneos;
				SWIFT_COMPILATION_MODE = wholemodule;
				SWIFT_OPTIMIZATION_LEVEL = "-O";
				SWIFT_VERSION = 5.9;
			};
			name = Release;
		};
		9C9351A7A207E275D36AF4BB /* Release */ = {
			isa = XCBuildConfiguration;
			buildSettings = {
				ASSETCATALOG_COMPILER_APPICON_NAME = AppIcon;
				ASSETCATALOG_COMPILER_GLOBAL_ACCENT_COLOR_NAME = AccentColor;
				CODE_SIGN_IDENTITY = "iPhone Developer";
				GENERATE_INFOPLIST_FILE = YES;
				INFOPLIST_FILE = Intok/Info.plist;
				INFOPLIST_KEY_LSApplicationCategoryType = "public.app-category.social-networking";
				LD_RUNPATH_SEARCH_PATHS = (
					"$(inherited)",
					"@executable_path/Frameworks",
				);
				PRODUCT_BUNDLE_IDENTIFIER = com.pezkins.intok;
				SDKROOT = iphoneos;
				TARGETED_DEVICE_FAMILY = "1,2";
			};
			name = Release;
		};
		C1FDF3AF01DF1C4B3525141C /* Debug */ = {
			isa = XCBuildConfiguration;
			buildSettings = {
				ALWAYS_SEARCH_USER_PATHS = NO;
				CLANG_ANALYZER_NONNULL = YES;
				CLANG_ANALYZER_NUMBER_OBJECT_CONVERSION = YES_AGGRESSIVE;
				CLANG_CXX_LANGUAGE_STANDARD = "gnu++14";
				CLANG_CXX_LIBRARY = "libc++";
				CLANG_ENABLE_MODULES = YES;
				CLANG_ENABLE_OBJC_ARC = YES;
				CLANG_ENABLE_OBJC_WEAK = YES;
				CLANG_WARN_BLOCK_CAPTURE_AUTORELEASING = YES;
				CLANG_WARN_BOOL_CONVERSION = YES;
				CLANG_WARN_COMMA = YES;
				CLANG_WARN_CONSTANT_CONVERSION = YES;
				CLANG_WARN_DEPRECATED_OBJC_IMPLEMENTATIONS = YES;
				CLANG_WARN_DIRECT_OBJC_ISA_USAGE = YES_ERROR;
				CLANG_WARN_DOCUMENTATION_COMMENTS = YES;
				CLANG_WARN_EMPTY_BODY = YES;
				CLANG_WARN_ENUM_CONVERSION = YES;
				CLANG_WARN_INFINITE_RECURSION = YES;
				CLANG_WARN_INT_CONVERSION = YES;
				CLANG_WARN_NON_LITERAL_NULL_CONVERSION = YES;
				CLANG_WARN_OBJC_IMPLICIT_RETAIN_SELF = YES;
				CLANG_WARN_OBJC_LITERAL_CONVERSION = YES;
				CLANG_WARN_OBJC_ROOT_CLASS = YES_ERROR;
				CLANG_WARN_QUOTED_INCLUDE_IN_FRAMEWORK_HEADER = YES;
				CLANG_WARN_RANGE_LOOP_ANALYSIS = YES;
				CLANG_WARN_STRICT_PROTOTYPES = YES;
				CLANG_WARN_SUSPICIOUS_MOVE = YES;
				CLANG_WARN_UNGUARDED_AVAILABILITY = YES_AGGRESSIVE;
				CLANG_WARN_UNREACHABLE_CODE = YES;
				CLANG_WARN__DUPLICATE_METHOD_MATCH = YES;
				CODE_SIGN_STYLE = Automatic;
				COPY_PHASE_STRIP = NO;
				CURRENT_PROJECT_VERSION = 23;
				DEBUG_INFORMATION_FORMAT = dwarf;
				DEVELOPMENT_TEAM = "";
				ENABLE_STRICT_OBJC_MSGSEND = YES;
				ENABLE_TESTABILITY = YES;
				GCC_C_LANGUAGE_STANDARD = gnu11;
				GCC_DYNAMIC_NO_PIC = NO;
				GCC_NO_COMMON_BLOCKS = YES;
				GCC_OPTIMIZATION_LEVEL = 0;
				GCC_PREPROCESSOR_DEFINITIONS = (
					"$(inherited)",
					"DEBUG=1",
				);
				GCC_WARN_64_TO_32_BIT_CONVERSION = YES;
				GCC_WARN_ABOUT_RETURN_TYPE = YES_ERROR;
				GCC_WARN_UNDECLARED_SELECTOR = YES;
				GCC_WARN_UNINITIALIZED_AUTOS = YES_AGGRESSIVE;
				GCC_WARN_UNUSED_FUNCTION = YES;
				GCC_WARN_UNUSED_VARIABLE = YES;
				INFOPLIST_KEY_CFBundleDisplayName = Intok;
				INFOPLIST_KEY_UIApplicationSceneManifest_Generation = YES;
				INFOPLIST_KEY_UIApplicationSupportsIndirectInputEvents = YES;
				INFOPLIST_KEY_UILaunchScreen_Generation = YES;
				INFOPLIST_KEY_UISupportedInterfaceOrientations = "UIInterfaceOrientationPortrait UIInterfaceOrientationLandscapeLeft UIInterfaceOrientationLandscapeRight";
				INFOPLIST_KEY_UISupportedInterfaceOrientations_iPad = "UIInterfaceOrientationPortrait UIInterfaceOrientationPortraitUpsideDown UIInterfaceOrientationLandscapeLeft UIInterfaceOrientationLandscapeRight";
				IPHONEOS_DEPLOYMENT_TARGET = 17.0;
				MARKETING_VERSION = 0.1.23;
				MTL_ENABLE_DEBUG_INFO = INCLUDE_SOURCE;
				MTL_FAST_MATH = YES;
				ONLY_ACTIVE_ARCH = YES;
				PRODUCT_NAME = "$(TARGET_NAME)";
				SDKROOT = iphoneos;
				SWIFT_ACTIVE_COMPILATION_CONDITIONS = DEBUG;
				SWIFT_OPTIMIZATION_LEVEL = "-Onone";
				SWIFT_VERSION = 5.9;
			};
			name = Debug;
		};
/* End XCBuildConfiguration section */

/* Begin XCConfigurationList section */
		3C81EFE0880922008396271F /* Build configuration list for PBXNativeTarget "Intok" */ = {
			isa = XCConfigurationList;
			buildConfigurations = (
				2C96978BF1743CFE11626871 /* Debug */,
				9C9351A7A207E275D36AF4BB /* Release */,
			);
			defaultConfigurationIsVisible = 0;
			defaultConfigurationName = Debug;
		};
		8E096C9FEC272F89AF61B4E2 /* Build configuration list for PBXProject "Intok" */ = {
			isa = XCConfigurationList;
			buildConfigurations = (
				C1FDF3AF01DF1C4B3525141C /* Debug */,
				891A3104E9C500712D5C0FBF /* Release */,
			);
			defaultConfigurationIsVisible = 0;
			defaultConfigurationName = Debug;
		};
/* End XCConfigurationList section */

/* Begin XCRemoteSwiftPackageReference section */
		40E26ECA2ECAA1D7DB194F76 /* XCRemoteSwiftPackageReference "SDWebImage" */ = {
			isa = XCRemoteSwiftPackageReference;
			repositoryURL = "https://github.com/SDWebImage/SDWebImage";
			requirement = {
				kind = upToNextMajorVersion;
				minimumVersion = 5.0.0;
			};
		};
		F0EC5F44720E05363ABD8E50 /* XCRemoteSwiftPackageReference "GoogleSignIn-iOS" */ = {
			isa = XCRemoteSwiftPackageReference;
			repositoryURL = "https://github.com/google/GoogleSignIn-iOS";
			requirement = {
				kind = upToNextMajorVersion;
				minimumVersion = 7.0.0;
			};
		};
/* End XCRemoteSwiftPackageReference section */

/* Begin XCSwiftPackageProductDependency section */
		A73210F19CB8369E8C2A18B0 /* SDWebImage */ = {
			isa = XCSwiftPackageProductDependency;
			package = 40E26ECA2ECAA1D7DB194F76 /* XCRemoteSwiftPackageReference "SDWebImage" */;
			productName = SDWebImage;
		};
		EA5A736AC3C346F43BBF7EF9 /* GoogleSignIn */ = {
			isa = XCSwiftPackageProductDependency;
			package = F0EC5F44720E05363ABD8E50 /* XCRemoteSwiftPackageReference "GoogleSignIn-iOS" */;
			productName = GoogleSignIn;
		};
/* End XCSwiftPackageProductDependency section */
	};
	rootObject = B521CFDD2D7CECD230546363 /* Project object */;
}
